{
  "originHash" : "92f9a7218e8092ee915d977e5d3219df9e41e6dcbc0bbeb8ae6b4f4313eab0b9",
  "pins" : [
    {
      "identity" : "mcemojipicker",
      "kind" : "remoteSourceControl",
      "location" : "https://github.com/izyumkin/MCEmojiPicker",
      "state" : {
        "revision" : "e0b4903b75ae1cc418d276d84d1cb946b8a1d73c",
        "version" : "1.2.3"
      }
    },
    {
      "identity" : "navigationkit",
      "kind" : "remoteSourceControl",
      "location" : "https://github.com/theosementa/NavigationKit",
      "state" : {
        "revision" : "7f11d08380bf080f4d494a40a6492758cead1320",
        "version" : "1.1.0"
      }
    },
    {
      "identity" : "theokit",
      "kind" : "remoteSourceControl",
      "location" : "https://github.com/theosementa/TheoKit",
      "state" : {
        "revision" : "8c0e260fc908b3fc0bc8b13ad5aa4e212506f469",
        "version" : "1.1.2"
      }
    }
  ],
  "version" : 3
}
