{
  "originHash" : "eb1a33920b323da65b68809bc9a552a4b8e0af55b321603058bd7568ede24353",
  "pins" : [
    {
      "identity" : "mcemojipicker",
      "kind" : "remoteSourceControl",
      "location" : "https://github.com/izyumkin/MCEmojiPicker",
      "state" : {
        "revision" : "e0b4903b75ae1cc418d276d84d1cb946b8a1d73c",
        "version" : "1.2.3"
      }
    },
    {
      "identity" : "navigationkit",
      "kind" : "remoteSourceControl",
      "location" : "https://github.com/theosementa/NavigationKit",
      "state" : {
        "revision" : "7f11d08380bf080f4d494a40a6492758cead1320",
        "version" : "1.1.0"
      }
    },
    {
      "identity" : "theokit",
      "kind" : "remoteSourceControl",
      "location" : "https://github.com/theosementa/TheoKit",
      "state" : {
        "revision" : "4192c0c2e8ddb54f4e788292216134777debbfd3",
        "version" : "1.0.9"
      }
    }
  ],
  "version" : 3
}
